
Microsoft Visual Studio Solution File, Format Version 11.00
# Visual Studio 2010
Project("{FAE04EC0-301F-11D3-BF4B-00C04F79EFBC}") = "Core", "Core\Core.csproj", "{631AC093-430F-45F4-BA0C-AF0F0405918A}"
EndProject
Project("{FAE04EC0-301F-11D3-BF4B-00C04F79EFBC}") = "Controls", "Controls\Controls.csproj", "{4CCA6844-9102-4A3B-8148-EA3D359B2586}"
	ProjectSection(ProjectDependencies) = postProject
		{631AC093-430F-45F4-BA0C-AF0F0405918A} = {631AC093-430F-45F4-BA0C-AF0F0405918A}
		{C6A8B9AE-0749-41C7-8FF9-02C156696F45} = {C6A8B9AE-0749-41C7-8FF9-02C156696F45}
		{809725DC-6502-4732-A51C-DEB7FEA12975} = {809725DC-6502-4732-A51C-DEB7FEA12975}
	EndProjectSection
EndProject
Project("{FAE04EC0-301F-11D3-BF4B-00C04F79EFBC}") = "Fuzzy", "Fuzzy\Fuzzy.csproj", "{B631038F-E12C-4D0D-8B25-FF7F62FE62D1}"
	ProjectSection(ProjectDependencies) = postProject
		{631AC093-430F-45F4-BA0C-AF0F0405918A} = {631AC093-430F-45F4-BA0C-AF0F0405918A}
	EndProjectSection
EndProject
Project("{FAE04EC0-301F-11D3-BF4B-00C04F79EFBC}") = "Genetic", "Genetic\Genetic.csproj", "{2EFAA327-1789-4438-B9F5-E83ACAE12DB2}"
	ProjectSection(ProjectDependencies) = postProject
		{C0FAF524-72E4-46F7-8C1B-A6B74DEC5EBE} = {C0FAF524-72E4-46F7-8C1B-A6B74DEC5EBE}
		{631AC093-430F-45F4-BA0C-AF0F0405918A} = {631AC093-430F-45F4-BA0C-AF0F0405918A}
	EndProjectSection
EndProject
Project("{FAE04EC0-301F-11D3-BF4B-00C04F79EFBC}") = "Imaging", "Imaging\Imaging.csproj", "{C6A8B9AE-0749-41C7-8FF9-02C156696F45}"
	ProjectSection(ProjectDependencies) = postProject
		{C0FAF524-72E4-46F7-8C1B-A6B74DEC5EBE} = {C0FAF524-72E4-46F7-8C1B-A6B74DEC5EBE}
		{631AC093-430F-45F4-BA0C-AF0F0405918A} = {631AC093-430F-45F4-BA0C-AF0F0405918A}
	EndProjectSection
EndProject
Project("{FAE04EC0-301F-11D3-BF4B-00C04F79EFBC}") = "Imaging.Formats", "Imaging.Formats\Imaging.Formats.csproj", "{50050BA8-B739-4931-8DBA-D77A031537FF}"
EndProject
Project("{FAE04EC0-301F-11D3-BF4B-00C04F79EFBC}") = "MachineLearning", "MachineLearning\MachineLearning.csproj", "{D42A814D-E178-48D0-9125-ED20151B2E45}"
EndProject
Project("{FAE04EC0-301F-11D3-BF4B-00C04F79EFBC}") = "Math", "Math\Math.csproj", "{C0FAF524-72E4-46F7-8C1B-A6B74DEC5EBE}"
	ProjectSection(ProjectDependencies) = postProject
		{631AC093-430F-45F4-BA0C-AF0F0405918A} = {631AC093-430F-45F4-BA0C-AF0F0405918A}
	EndProjectSection
EndProject
Project("{FAE04EC0-301F-11D3-BF4B-00C04F79EFBC}") = "Neuro", "Neuro\Neuro.csproj", "{02B5E453-2085-4E41-86D9-C8E8A03FB1B9}"
	ProjectSection(ProjectDependencies) = postProject
		{C0FAF524-72E4-46F7-8C1B-A6B74DEC5EBE} = {C0FAF524-72E4-46F7-8C1B-A6B74DEC5EBE}
		{2EFAA327-1789-4438-B9F5-E83ACAE12DB2} = {2EFAA327-1789-4438-B9F5-E83ACAE12DB2}
		{631AC093-430F-45F4-BA0C-AF0F0405918A} = {631AC093-430F-45F4-BA0C-AF0F0405918A}
	EndProjectSection
EndProject
Project("{FAE04EC0-301F-11D3-BF4B-00C04F79EFBC}") = "Lego", "Robotics.Lego\Lego.csproj", "{F56FE364-ABAE-44B3-A939-900EB994FB9B}"
EndProject
Project("{FAE04EC0-301F-11D3-BF4B-00C04F79EFBC}") = "Video", "Video\Video.csproj", "{809725DC-6502-4732-A51C-DEB7FEA12975}"
	ProjectSection(ProjectDependencies) = postProject
		{631AC093-430F-45F4-BA0C-AF0F0405918A} = {631AC093-430F-45F4-BA0C-AF0F0405918A}
	EndProjectSection
EndProject
Project("{FAE04EC0-301F-11D3-BF4B-00C04F79EFBC}") = "Video.DirectShow", "Video.DirectShow\Video.DirectShow.csproj", "{26CD2CE7-FF63-4669-83B0-7D9C8F3408EE}"
	ProjectSection(ProjectDependencies) = postProject
		{809725DC-6502-4732-A51C-DEB7FEA12975} = {809725DC-6502-4732-A51C-DEB7FEA12975}
	EndProjectSection
EndProject
Project("{FAE04EC0-301F-11D3-BF4B-00C04F79EFBC}") = "Video.VFW", "Video.VFW\Video.VFW.csproj", "{22E852C0-17FF-4106-9DF6-41EABB8C0613}"
	ProjectSection(ProjectDependencies) = postProject
		{631AC093-430F-45F4-BA0C-AF0F0405918A} = {631AC093-430F-45F4-BA0C-AF0F0405918A}
		{26CD2CE7-FF63-4669-83B0-7D9C8F3408EE} = {26CD2CE7-FF63-4669-83B0-7D9C8F3408EE}
	EndProjectSection
EndProject
Project("{FAE04EC0-301F-11D3-BF4B-00C04F79EFBC}") = "Vision", "Vision\Vision.csproj", "{B99CBE2E-BAAD-45D5-8A84-CAA6A2286C0B}"
	ProjectSection(ProjectDependencies) = postProject
		{631AC093-430F-45F4-BA0C-AF0F0405918A} = {631AC093-430F-45F4-BA0C-AF0F0405918A}
		{C6A8B9AE-0749-41C7-8FF9-02C156696F45} = {C6A8B9AE-0749-41C7-8FF9-02C156696F45}
	EndProjectSection
EndProject
Project("{FAE04EC0-301F-11D3-BF4B-00C04F79EFBC}") = "Robotics.Surveyor", "Robotics.Surveyor\Robotics.Surveyor.csproj", "{3D9EFCF7-61CD-49DD-9300-9F9C993FB37B}"
	ProjectSection(ProjectDependencies) = postProject
		{631AC093-430F-45F4-BA0C-AF0F0405918A} = {631AC093-430F-45F4-BA0C-AF0F0405918A}
		{809725DC-6502-4732-A51C-DEB7FEA12975} = {809725DC-6502-4732-A51C-DEB7FEA12975}
	EndProjectSection
EndProject
Project("{FAE04EC0-301F-11D3-BF4B-00C04F79EFBC}") = "Robotics.TeRK", "Robotics.TeRK\Robotics.TeRK.csproj", "{CB9BB289-ACC9-4A05-8403-98D453F23728}"
	ProjectSection(ProjectDependencies) = postProject
		{631AC093-430F-45F4-BA0C-AF0F0405918A} = {631AC093-430F-45F4-BA0C-AF0F0405918A}
		{809725DC-6502-4732-A51C-DEB7FEA12975} = {809725DC-6502-4732-A51C-DEB7FEA12975}
	EndProjectSection
EndProject
Project("{FAE04EC0-301F-11D3-BF4B-00C04F79EFBC}") = "Video.Kinect", "Video.Kinect\Video.Kinect.csproj", "{9DA8E727-4038-4E6B-90BD-853730FDFA49}"
	ProjectSection(ProjectDependencies) = postProject
		{631AC093-430F-45F4-BA0C-AF0F0405918A} = {631AC093-430F-45F4-BA0C-AF0F0405918A}
		{C6A8B9AE-0749-41C7-8FF9-02C156696F45} = {C6A8B9AE-0749-41C7-8FF9-02C156696F45}
		{809725DC-6502-4732-A51C-DEB7FEA12975} = {809725DC-6502-4732-A51C-DEB7FEA12975}
	EndProjectSection
EndProject
Project("{FAE04EC0-301F-11D3-BF4B-00C04F79EFBC}") = "Video.Ximea", "Video.Ximea\Video.Ximea.csproj", "{AEDD6CFB-747B-4077-9288-9CD2A86090F1}"
	ProjectSection(ProjectDependencies) = postProject
		{631AC093-430F-45F4-BA0C-AF0F0405918A} = {631AC093-430F-45F4-BA0C-AF0F0405918A}
		{809725DC-6502-4732-A51C-DEB7FEA12975} = {809725DC-6502-4732-A51C-DEB7FEA12975}
	EndProjectSection
EndProject
Project("{FAE04EC0-301F-11D3-BF4B-00C04F79EFBC}") = "Core.WP", "Core.WP\Core.WP.csproj", "{E543FFCB-8A3C-47B0-B490-C9548779CAF0}"
EndProject
Project("{FAE04EC0-301F-11D3-BF4B-00C04F79EFBC}") = "Fuzzy.WP", "Fuzzy.WP\Fuzzy.WP.csproj", "{6C263A8E-854F-45C6-B064-059A60FD11C0}"
EndProject
Project("{FAE04EC0-301F-11D3-BF4B-00C04F79EFBC}") = "Math.WP", "Math.WP\Math.WP.csproj", "{0FF24F6D-FB93-47E1-843E-A152C61071F6}"
EndProject
Project("{FAE04EC0-301F-11D3-BF4B-00C04F79EFBC}") = "Genetic.WP", "Genetic.WP\Genetic.WP.csproj", "{1E37AA1C-C17C-46A9-A1B6-1697C477A082}"
EndProject
Project("{FAE04EC0-301F-11D3-BF4B-00C04F79EFBC}") = "Imaging.WP", "Imaging.WP\Imaging.WP.csproj", "{D86270A6-9C34-4C9C-B58D-5D80E87D3707}"
EndProject
Project("{FAE04EC0-301F-11D3-BF4B-00C04F79EFBC}") = "Imaging.Formats.WP", "Imaging.Formats.WP\Imaging.Formats.WP.csproj", "{AAFFDFC8-E759-489A-AE11-2B100394AB52}"
EndProject
Project("{FAE04EC0-301F-11D3-BF4B-00C04F79EFBC}") = "Lego.WP", "Lego.WP\Lego.WP.csproj", "{D203C7A0-0A91-4AB9-9719-BB63453C0861}"
EndProject
Project("{FAE04EC0-301F-11D3-BF4B-00C04F79EFBC}") = "MachineLearning.WP", "MachineLearning.WP\MachineLearning.WP.csproj", "{5CFC2860-554F-4219-849D-50A2C0B55BEB}"
EndProject
Project("{FAE04EC0-301F-11D3-BF4B-00C04F79EFBC}") = "Neuro.WP", "Neuro.WP\Neuro.WP.csproj", "{ED9A594F-96D3-4374-9499-211FF7809EBE}"
EndProject
Project("{FAE04EC0-301F-11D3-BF4B-00C04F79EFBC}") = "Robotics.Surveyor.WP", "Robotics.Surveyor.WP\Robotics.Surveyor.WP.csproj", "{1C414791-2CDE-41AA-B813-86C6F6E778E0}"
EndProject
Project("{FAE04EC0-301F-11D3-BF4B-00C04F79EFBC}") = "Robotics.TeRK.WP", "Robotics.TeRK.WP\Robotics.TeRK.WP.csproj", "{4ADC244E-F04E-416F-9FD8-F2D6FDFEEE82}"
EndProject
Project("{FAE04EC0-301F-11D3-BF4B-00C04F79EFBC}") = "Video.WP", "Video.WP\Video.WP.csproj", "{4AE0B5A4-4388-45E2-BE7D-9D756384E677}"
EndProject
Project("{FAE04EC0-301F-11D3-BF4B-00C04F79EFBC}") = "Video.Ximea.WP", "Video.Ximea.WP\Video.Ximea.WP.csproj", "{73AB18DA-D85F-44A2-960F-43D1EF63F123}"
EndProject
Project("{FAE04EC0-301F-11D3-BF4B-00C04F79EFBC}") = "Vision.WP", "Vision.WP\Vision.WP.csproj", "{C6E7C9C7-18B4-4289-BC75-4B60673309F2}"
EndProject
Project("{FAE04EC0-301F-11D3-BF4B-00C04F79EFBC}") = "Video.DirectShow.WP", "Video.DirectShow.WP\Video.DirectShow.WP.csproj", "{4DF3C225-EEC1-40BB-8D7F-9B8850992889}"
EndProject
Project("{FAE04EC0-301F-11D3-BF4B-00C04F79EFBC}") = "Video.Kinect.WP", "Video.Kinect.WP\Video.Kinect.WP.csproj", "{80C374D9-FD54-43B8-A0BF-361123E811D3}"
EndProject
Project("{FAE04EC0-301F-11D3-BF4B-00C04F79EFBC}") = "Video.VFW.WP", "Video.VFW.WP\Video.VFW.WP.csproj", "{4C6F6A11-D607-4F07-97FC-47F67235ADA9}"
EndProject
Project("{2150E333-8FDC-42A3-9474-1A3956D46DE8}") = "Solution Items", "Solution Items", "{2E17933A-C215-405F-AF9C-F74C411A463F}"
	ProjectSection(SolutionItems) = preProject
		MonoVersal.Porting.txt = MonoVersal.Porting.txt
	EndProjectSection
EndProject
Project("{FAE04EC0-301F-11D3-BF4B-00C04F79EFBC}") = "Core.MA", "Core.MA\Core.MA.csproj", "{B95C8E67-F25F-4C54-A00F-83FA015B7BFF}"
EndProject
Project("{FAE04EC0-301F-11D3-BF4B-00C04F79EFBC}") = "Fuzzy.MA", "Fuzzy.MA\Fuzzy.MA.csproj", "{30403124-402F-4609-873B-2C579EACC9C8}"
EndProject
Project("{FAE04EC0-301F-11D3-BF4B-00C04F79EFBC}") = "Genetic.MA", "Genetic.MA\Genetic.MA.csproj", "{61C6D89E-D398-4228-BE6C-BD0E31DCC6E0}"
EndProject
Project("{FAE04EC0-301F-11D3-BF4B-00C04F79EFBC}") = "MachineLearning.MA", "MachineLearning.MA\MachineLearning.MA.csproj", "{F8FD00DE-94D1-45CA-AF4D-2970B1D30F89}"
EndProject
Project("{FAE04EC0-301F-11D3-BF4B-00C04F79EFBC}") = "Math.MA", "Math.MA\Math.MA.csproj", "{8BF317F5-EC3C-4953-8EA1-76464088B5D5}"
EndProject
Project("{FAE04EC0-301F-11D3-BF4B-00C04F79EFBC}") = "Neuro.MA", "Neuro.MA\Neuro.MA.csproj", "{D33D6117-01C6-413E-878E-7F7A2D4156AC}"
EndProject
Project("{FAE04EC0-301F-11D3-BF4B-00C04F79EFBC}") = "Core.MT", "Core.MT\Core.MT.csproj", "{239661E8-9870-49C9-9925-45222D1B4E0C}"
EndProject
Project("{FAE04EC0-301F-11D3-BF4B-00C04F79EFBC}") = "Fuzzy.MT", "Fuzzy.MT\Fuzzy.MT.csproj", "{04F8E53B-118A-4676-A3F9-C417AC907620}"
EndProject
Project("{FAE04EC0-301F-11D3-BF4B-00C04F79EFBC}") = "Genetic.MT", "Genetic.MT\Genetic.MT.csproj", "{AB8BFF98-3514-4F62-BEBE-35CB6855A5FE}"
EndProject
Project("{FAE04EC0-301F-11D3-BF4B-00C04F79EFBC}") = "MachineLearning.MT", "MachineLearning.MT\MachineLearning.MT.csproj", "{42048E04-3038-40FC-A81F-068E97B8C763}"
EndProject
Project("{FAE04EC0-301F-11D3-BF4B-00C04F79EFBC}") = "Neuro.MT", "Neuro.MT\Neuro.MT.csproj", "{61443143-5AB2-4D4A-B46D-C00214302EE2}"
EndProject
Project("{FAE04EC0-301F-11D3-BF4B-00C04F79EFBC}") = "Math.MT", "Math.MT\Math.MT.csproj", "{D57AEB53-6018-4618-A8EC-1A8C2B52A66D}"
EndProject
Global
	GlobalSection(SolutionConfigurationPlatforms) = preSolution
		Debug Complete|Any CPU = Debug Complete|Any CPU
		Debug|Any CPU = Debug|Any CPU
		Release Complete|Any CPU = Release Complete|Any CPU
		Release|Any CPU = Release|Any CPU
	EndGlobalSection
	GlobalSection(ProjectConfigurationPlatforms) = postSolution
		{02B5E453-2085-4E41-86D9-C8E8A03FB1B9}.Debug Complete|Any CPU.ActiveCfg = Debug|Any CPU
		{02B5E453-2085-4E41-86D9-C8E8A03FB1B9}.Debug Complete|Any CPU.Build.0 = Debug|Any CPU
		{02B5E453-2085-4E41-86D9-C8E8A03FB1B9}.Debug|Any CPU.ActiveCfg = Debug|Any CPU
		{02B5E453-2085-4E41-86D9-C8E8A03FB1B9}.Debug|Any CPU.Build.0 = Debug|Any CPU
		{02B5E453-2085-4E41-86D9-C8E8A03FB1B9}.Release Complete|Any CPU.ActiveCfg = Release|Any CPU
		{02B5E453-2085-4E41-86D9-C8E8A03FB1B9}.Release Complete|Any CPU.Build.0 = Release|Any CPU
		{02B5E453-2085-4E41-86D9-C8E8A03FB1B9}.Release|Any CPU.ActiveCfg = Release|Any CPU
		{02B5E453-2085-4E41-86D9-C8E8A03FB1B9}.Release|Any CPU.Build.0 = Release|Any CPU
		{04F8E53B-118A-4676-A3F9-C417AC907620}.Debug Complete|Any CPU.ActiveCfg = Debug|Any CPU
		{04F8E53B-118A-4676-A3F9-C417AC907620}.Debug Complete|Any CPU.Build.0 = Debug|Any CPU
		{04F8E53B-118A-4676-A3F9-C417AC907620}.Debug|Any CPU.ActiveCfg = Debug|Any CPU
		{04F8E53B-118A-4676-A3F9-C417AC907620}.Debug|Any CPU.Build.0 = Debug|Any CPU
		{04F8E53B-118A-4676-A3F9-C417AC907620}.Release Complete|Any CPU.ActiveCfg = Debug|Any CPU
		{04F8E53B-118A-4676-A3F9-C417AC907620}.Release Complete|Any CPU.Build.0 = Debug|Any CPU
		{04F8E53B-118A-4676-A3F9-C417AC907620}.Release|Any CPU.ActiveCfg = Release|Any CPU
		{04F8E53B-118A-4676-A3F9-C417AC907620}.Release|Any CPU.Build.0 = Release|Any CPU
		{0FF24F6D-FB93-47E1-843E-A152C61071F6}.Debug Complete|Any CPU.ActiveCfg = Debug|Any CPU
		{0FF24F6D-FB93-47E1-843E-A152C61071F6}.Debug Complete|Any CPU.Build.0 = Debug|Any CPU
		{0FF24F6D-FB93-47E1-843E-A152C61071F6}.Debug|Any CPU.ActiveCfg = Debug|Any CPU
		{0FF24F6D-FB93-47E1-843E-A152C61071F6}.Debug|Any CPU.Build.0 = Debug|Any CPU
		{0FF24F6D-FB93-47E1-843E-A152C61071F6}.Release Complete|Any CPU.ActiveCfg = Release|Any CPU
		{0FF24F6D-FB93-47E1-843E-A152C61071F6}.Release Complete|Any CPU.Build.0 = Release|Any CPU
		{0FF24F6D-FB93-47E1-843E-A152C61071F6}.Release|Any CPU.ActiveCfg = Release|Any CPU
		{0FF24F6D-FB93-47E1-843E-A152C61071F6}.Release|Any CPU.Build.0 = Release|Any CPU
		{1C414791-2CDE-41AA-B813-86C6F6E778E0}.Debug Complete|Any CPU.ActiveCfg = Debug|Any CPU
		{1C414791-2CDE-41AA-B813-86C6F6E778E0}.Debug Complete|Any CPU.Build.0 = Debug|Any CPU
		{1C414791-2CDE-41AA-B813-86C6F6E778E0}.Debug|Any CPU.ActiveCfg = Debug|Any CPU
		{1C414791-2CDE-41AA-B813-86C6F6E778E0}.Debug|Any CPU.Build.0 = Debug|Any CPU
		{1C414791-2CDE-41AA-B813-86C6F6E778E0}.Release Complete|Any CPU.ActiveCfg = Release|Any CPU
		{1C414791-2CDE-41AA-B813-86C6F6E778E0}.Release Complete|Any CPU.Build.0 = Release|Any CPU
		{1C414791-2CDE-41AA-B813-86C6F6E778E0}.Release|Any CPU.ActiveCfg = Release|Any CPU
		{1C414791-2CDE-41AA-B813-86C6F6E778E0}.Release|Any CPU.Build.0 = Release|Any CPU
		{1E37AA1C-C17C-46A9-A1B6-1697C477A082}.Debug Complete|Any CPU.ActiveCfg = Debug|Any CPU
		{1E37AA1C-C17C-46A9-A1B6-1697C477A082}.Debug Complete|Any CPU.Build.0 = Debug|Any CPU
		{1E37AA1C-C17C-46A9-A1B6-1697C477A082}.Debug|Any CPU.ActiveCfg = Debug|Any CPU
		{1E37AA1C-C17C-46A9-A1B6-1697C477A082}.Debug|Any CPU.Build.0 = Debug|Any CPU
		{1E37AA1C-C17C-46A9-A1B6-1697C477A082}.Release Complete|Any CPU.ActiveCfg = Release|Any CPU
		{1E37AA1C-C17C-46A9-A1B6-1697C477A082}.Release Complete|Any CPU.Build.0 = Release|Any CPU
		{1E37AA1C-C17C-46A9-A1B6-1697C477A082}.Release|Any CPU.ActiveCfg = Release|Any CPU
		{1E37AA1C-C17C-46A9-A1B6-1697C477A082}.Release|Any CPU.Build.0 = Release|Any CPU
		{22E852C0-17FF-4106-9DF6-41EABB8C0613}.Debug Complete|Any CPU.ActiveCfg = Debug|Any CPU
		{22E852C0-17FF-4106-9DF6-41EABB8C0613}.Debug Complete|Any CPU.Build.0 = Debug|Any CPU
		{22E852C0-17FF-4106-9DF6-41EABB8C0613}.Debug|Any CPU.ActiveCfg = Debug|Any CPU
		{22E852C0-17FF-4106-9DF6-41EABB8C0613}.Debug|Any CPU.Build.0 = Debug|Any CPU
		{22E852C0-17FF-4106-9DF6-41EABB8C0613}.Release Complete|Any CPU.ActiveCfg = Release|Any CPU
		{22E852C0-17FF-4106-9DF6-41EABB8C0613}.Release Complete|Any CPU.Build.0 = Release|Any CPU
		{22E852C0-17FF-4106-9DF6-41EABB8C0613}.Release|Any CPU.ActiveCfg = Release|Any CPU
		{22E852C0-17FF-4106-9DF6-41EABB8C0613}.Release|Any CPU.Build.0 = Release|Any CPU
		{239661E8-9870-49C9-9925-45222D1B4E0C}.Debug Complete|Any CPU.ActiveCfg = Debug|Any CPU
		{239661E8-9870-49C9-9925-45222D1B4E0C}.Debug Complete|Any CPU.Build.0 = Debug|Any CPU
		{239661E8-9870-49C9-9925-45222D1B4E0C}.Debug|Any CPU.ActiveCfg = Debug|Any CPU
		{239661E8-9870-49C9-9925-45222D1B4E0C}.Debug|Any CPU.Build.0 = Debug|Any CPU
		{239661E8-9870-49C9-9925-45222D1B4E0C}.Release Complete|Any CPU.ActiveCfg = Debug|Any CPU
		{239661E8-9870-49C9-9925-45222D1B4E0C}.Release Complete|Any CPU.Build.0 = Debug|Any CPU
		{239661E8-9870-49C9-9925-45222D1B4E0C}.Release|Any CPU.ActiveCfg = Release|Any CPU
		{239661E8-9870-49C9-9925-45222D1B4E0C}.Release|Any CPU.Build.0 = Release|Any CPU
		{26CD2CE7-FF63-4669-83B0-7D9C8F3408EE}.Debug Complete|Any CPU.ActiveCfg = Debug|Any CPU
		{26CD2CE7-FF63-4669-83B0-7D9C8F3408EE}.Debug Complete|Any CPU.Build.0 = Debug|Any CPU
		{26CD2CE7-FF63-4669-83B0-7D9C8F3408EE}.Debug|Any CPU.ActiveCfg = Debug|Any CPU
		{26CD2CE7-FF63-4669-83B0-7D9C8F3408EE}.Debug|Any CPU.Build.0 = Debug|Any CPU
		{26CD2CE7-FF63-4669-83B0-7D9C8F3408EE}.Release Complete|Any CPU.ActiveCfg = Release|Any CPU
		{26CD2CE7-FF63-4669-83B0-7D9C8F3408EE}.Release Complete|Any CPU.Build.0 = Release|Any CPU
		{26CD2CE7-FF63-4669-83B0-7D9C8F3408EE}.Release|Any CPU.ActiveCfg = Release|Any CPU
		{26CD2CE7-FF63-4669-83B0-7D9C8F3408EE}.Release|Any CPU.Build.0 = Release|Any CPU
		{2EFAA327-1789-4438-B9F5-E83ACAE12DB2}.Debug Complete|Any CPU.ActiveCfg = Debug|Any CPU
		{2EFAA327-1789-4438-B9F5-E83ACAE12DB2}.Debug Complete|Any CPU.Build.0 = Debug|Any CPU
		{2EFAA327-1789-4438-B9F5-E83ACAE12DB2}.Debug|Any CPU.ActiveCfg = Debug|Any CPU
		{2EFAA327-1789-4438-B9F5-E83ACAE12DB2}.Debug|Any CPU.Build.0 = Debug|Any CPU
		{2EFAA327-1789-4438-B9F5-E83ACAE12DB2}.Release Complete|Any CPU.ActiveCfg = Release|Any CPU
		{2EFAA327-1789-4438-B9F5-E83ACAE12DB2}.Release Complete|Any CPU.Build.0 = Release|Any CPU
		{2EFAA327-1789-4438-B9F5-E83ACAE12DB2}.Release|Any CPU.ActiveCfg = Release|Any CPU
		{2EFAA327-1789-4438-B9F5-E83ACAE12DB2}.Release|Any CPU.Build.0 = Release|Any CPU
		{30403124-402F-4609-873B-2C579EACC9C8}.Debug Complete|Any CPU.ActiveCfg = Debug|Any CPU
		{30403124-402F-4609-873B-2C579EACC9C8}.Debug Complete|Any CPU.Build.0 = Debug|Any CPU
		{30403124-402F-4609-873B-2C579EACC9C8}.Debug|Any CPU.ActiveCfg = Debug|Any CPU
		{30403124-402F-4609-873B-2C579EACC9C8}.Debug|Any CPU.Build.0 = Debug|Any CPU
		{30403124-402F-4609-873B-2C579EACC9C8}.Release Complete|Any CPU.ActiveCfg = Release|Any CPU
		{30403124-402F-4609-873B-2C579EACC9C8}.Release Complete|Any CPU.Build.0 = Release|Any CPU
		{30403124-402F-4609-873B-2C579EACC9C8}.Release|Any CPU.ActiveCfg = Release|Any CPU
		{30403124-402F-4609-873B-2C579EACC9C8}.Release|Any CPU.Build.0 = Release|Any CPU
		{3D9EFCF7-61CD-49DD-9300-9F9C993FB37B}.Debug Complete|Any CPU.ActiveCfg = Debug|Any CPU
		{3D9EFCF7-61CD-49DD-9300-9F9C993FB37B}.Debug Complete|Any CPU.Build.0 = Debug|Any CPU
		{3D9EFCF7-61CD-49DD-9300-9F9C993FB37B}.Debug|Any CPU.ActiveCfg = Debug|Any CPU
		{3D9EFCF7-61CD-49DD-9300-9F9C993FB37B}.Debug|Any CPU.Build.0 = Debug|Any CPU
		{3D9EFCF7-61CD-49DD-9300-9F9C993FB37B}.Release Complete|Any CPU.ActiveCfg = Release|Any CPU
		{3D9EFCF7-61CD-49DD-9300-9F9C993FB37B}.Release Complete|Any CPU.Build.0 = Release|Any CPU
		{3D9EFCF7-61CD-49DD-9300-9F9C993FB37B}.Release|Any CPU.ActiveCfg = Release|Any CPU
		{3D9EFCF7-61CD-49DD-9300-9F9C993FB37B}.Release|Any CPU.Build.0 = Release|Any CPU
		{42048E04-3038-40FC-A81F-068E97B8C763}.Debug Complete|Any CPU.ActiveCfg = Debug|Any CPU
		{42048E04-3038-40FC-A81F-068E97B8C763}.Debug Complete|Any CPU.Build.0 = Debug|Any CPU
		{42048E04-3038-40FC-A81F-068E97B8C763}.Debug|Any CPU.ActiveCfg = Debug|Any CPU
		{42048E04-3038-40FC-A81F-068E97B8C763}.Debug|Any CPU.Build.0 = Debug|Any CPU
		{42048E04-3038-40FC-A81F-068E97B8C763}.Release Complete|Any CPU.ActiveCfg = Debug|Any CPU
		{42048E04-3038-40FC-A81F-068E97B8C763}.Release Complete|Any CPU.Build.0 = Debug|Any CPU
		{42048E04-3038-40FC-A81F-068E97B8C763}.Release|Any CPU.ActiveCfg = Release|Any CPU
		{42048E04-3038-40FC-A81F-068E97B8C763}.Release|Any CPU.Build.0 = Release|Any CPU
		{4ADC244E-F04E-416F-9FD8-F2D6FDFEEE82}.Debug Complete|Any CPU.ActiveCfg = Debug|Any CPU
		{4ADC244E-F04E-416F-9FD8-F2D6FDFEEE82}.Debug Complete|Any CPU.Build.0 = Debug|Any CPU
		{4ADC244E-F04E-416F-9FD8-F2D6FDFEEE82}.Debug|Any CPU.ActiveCfg = Debug|Any CPU
		{4ADC244E-F04E-416F-9FD8-F2D6FDFEEE82}.Debug|Any CPU.Build.0 = Debug|Any CPU
		{4ADC244E-F04E-416F-9FD8-F2D6FDFEEE82}.Release Complete|Any CPU.ActiveCfg = Release|Any CPU
		{4ADC244E-F04E-416F-9FD8-F2D6FDFEEE82}.Release Complete|Any CPU.Build.0 = Release|Any CPU
		{4ADC244E-F04E-416F-9FD8-F2D6FDFEEE82}.Release|Any CPU.ActiveCfg = Release|Any CPU
		{4ADC244E-F04E-416F-9FD8-F2D6FDFEEE82}.Release|Any CPU.Build.0 = Release|Any CPU
		{4AE0B5A4-4388-45E2-BE7D-9D756384E677}.Debug Complete|Any CPU.ActiveCfg = Debug|Any CPU
		{4AE0B5A4-4388-45E2-BE7D-9D756384E677}.Debug Complete|Any CPU.Build.0 = Debug|Any CPU
		{4AE0B5A4-4388-45E2-BE7D-9D756384E677}.Debug|Any CPU.ActiveCfg = Debug|Any CPU
		{4AE0B5A4-4388-45E2-BE7D-9D756384E677}.Debug|Any CPU.Build.0 = Debug|Any CPU
		{4AE0B5A4-4388-45E2-BE7D-9D756384E677}.Release Complete|Any CPU.ActiveCfg = Release|Any CPU
		{4AE0B5A4-4388-45E2-BE7D-9D756384E677}.Release Complete|Any CPU.Build.0 = Release|Any CPU
		{4AE0B5A4-4388-45E2-BE7D-9D756384E677}.Release|Any CPU.ActiveCfg = Release|Any CPU
		{4AE0B5A4-4388-45E2-BE7D-9D756384E677}.Release|Any CPU.Build.0 = Release|Any CPU
		{4C6F6A11-D607-4F07-97FC-47F67235ADA9}.Debug Complete|Any CPU.ActiveCfg = Debug|Any CPU
		{4C6F6A11-D607-4F07-97FC-47F67235ADA9}.Debug Complete|Any CPU.Build.0 = Debug|Any CPU
		{4C6F6A11-D607-4F07-97FC-47F67235ADA9}.Debug|Any CPU.ActiveCfg = Debug|Any CPU
		{4C6F6A11-D607-4F07-97FC-47F67235ADA9}.Debug|Any CPU.Build.0 = Debug|Any CPU
		{4C6F6A11-D607-4F07-97FC-47F67235ADA9}.Release Complete|Any CPU.ActiveCfg = Release|Any CPU
		{4C6F6A11-D607-4F07-97FC-47F67235ADA9}.Release Complete|Any CPU.Build.0 = Release|Any CPU
		{4C6F6A11-D607-4F07-97FC-47F67235ADA9}.Release|Any CPU.ActiveCfg = Release|Any CPU
		{4C6F6A11-D607-4F07-97FC-47F67235ADA9}.Release|Any CPU.Build.0 = Release|Any CPU
		{4CCA6844-9102-4A3B-8148-EA3D359B2586}.Debug Complete|Any CPU.ActiveCfg = Debug|Any CPU
		{4CCA6844-9102-4A3B-8148-EA3D359B2586}.Debug Complete|Any CPU.Build.0 = Debug|Any CPU
		{4CCA6844-9102-4A3B-8148-EA3D359B2586}.Debug|Any CPU.ActiveCfg = Debug|Any CPU
		{4CCA6844-9102-4A3B-8148-EA3D359B2586}.Debug|Any CPU.Build.0 = Debug|Any CPU
		{4CCA6844-9102-4A3B-8148-EA3D359B2586}.Release Complete|Any CPU.ActiveCfg = Release|Any CPU
		{4CCA6844-9102-4A3B-8148-EA3D359B2586}.Release Complete|Any CPU.Build.0 = Release|Any CPU
		{4CCA6844-9102-4A3B-8148-EA3D359B2586}.Release|Any CPU.ActiveCfg = Release|Any CPU
		{4CCA6844-9102-4A3B-8148-EA3D359B2586}.Release|Any CPU.Build.0 = Release|Any CPU
		{4DF3C225-EEC1-40BB-8D7F-9B8850992889}.Debug Complete|Any CPU.ActiveCfg = Debug|Any CPU
		{4DF3C225-EEC1-40BB-8D7F-9B8850992889}.Debug Complete|Any CPU.Build.0 = Debug|Any CPU
		{4DF3C225-EEC1-40BB-8D7F-9B8850992889}.Debug|Any CPU.ActiveCfg = Debug|Any CPU
		{4DF3C225-EEC1-40BB-8D7F-9B8850992889}.Debug|Any CPU.Build.0 = Debug|Any CPU
		{4DF3C225-EEC1-40BB-8D7F-9B8850992889}.Release Complete|Any CPU.ActiveCfg = Release|Any CPU
		{4DF3C225-EEC1-40BB-8D7F-9B8850992889}.Release Complete|Any CPU.Build.0 = Release|Any CPU
		{4DF3C225-EEC1-40BB-8D7F-9B8850992889}.Release|Any CPU.ActiveCfg = Release|Any CPU
		{4DF3C225-EEC1-40BB-8D7F-9B8850992889}.Release|Any CPU.Build.0 = Release|Any CPU
		{50050BA8-B739-4931-8DBA-D77A031537FF}.Debug Complete|Any CPU.ActiveCfg = Debug|Any CPU
		{50050BA8-B739-4931-8DBA-D77A031537FF}.Debug Complete|Any CPU.Build.0 = Debug|Any CPU
		{50050BA8-B739-4931-8DBA-D77A031537FF}.Debug|Any CPU.ActiveCfg = Debug|Any CPU
		{50050BA8-B739-4931-8DBA-D77A031537FF}.Debug|Any CPU.Build.0 = Debug|Any CPU
		{50050BA8-B739-4931-8DBA-D77A031537FF}.Release Complete|Any CPU.ActiveCfg = Release|Any CPU
		{50050BA8-B739-4931-8DBA-D77A031537FF}.Release Complete|Any CPU.Build.0 = Release|Any CPU
		{50050BA8-B739-4931-8DBA-D77A031537FF}.Release|Any CPU.ActiveCfg = Release|Any CPU
		{50050BA8-B739-4931-8DBA-D77A031537FF}.Release|Any CPU.Build.0 = Release|Any CPU
		{5CFC2860-554F-4219-849D-50A2C0B55BEB}.Debug Complete|Any CPU.ActiveCfg = Debug|Any CPU
		{5CFC2860-554F-4219-849D-50A2C0B55BEB}.Debug Complete|Any CPU.Build.0 = Debug|Any CPU
		{5CFC2860-554F-4219-849D-50A2C0B55BEB}.Debug|Any CPU.ActiveCfg = Debug|Any CPU
		{5CFC2860-554F-4219-849D-50A2C0B55BEB}.Debug|Any CPU.Build.0 = Debug|Any CPU
		{5CFC2860-554F-4219-849D-50A2C0B55BEB}.Release Complete|Any CPU.ActiveCfg = Release|Any CPU
		{5CFC2860-554F-4219-849D-50A2C0B55BEB}.Release Complete|Any CPU.Build.0 = Release|Any CPU
		{5CFC2860-554F-4219-849D-50A2C0B55BEB}.Release|Any CPU.ActiveCfg = Release|Any CPU
		{5CFC2860-554F-4219-849D-50A2C0B55BEB}.Release|Any CPU.Build.0 = Release|Any CPU
		{61443143-5AB2-4D4A-B46D-C00214302EE2}.Debug Complete|Any CPU.ActiveCfg = Debug|Any CPU
		{61443143-5AB2-4D4A-B46D-C00214302EE2}.Debug Complete|Any CPU.Build.0 = Debug|Any CPU
		{61443143-5AB2-4D4A-B46D-C00214302EE2}.Debug|Any CPU.ActiveCfg = Debug|Any CPU
		{61443143-5AB2-4D4A-B46D-C00214302EE2}.Debug|Any CPU.Build.0 = Debug|Any CPU
		{61443143-5AB2-4D4A-B46D-C00214302EE2}.Release Complete|Any CPU.ActiveCfg = Debug|Any CPU
		{61443143-5AB2-4D4A-B46D-C00214302EE2}.Release Complete|Any CPU.Build.0 = Debug|Any CPU
		{61443143-5AB2-4D4A-B46D-C00214302EE2}.Release|Any CPU.ActiveCfg = Release|Any CPU
		{61443143-5AB2-4D4A-B46D-C00214302EE2}.Release|Any CPU.Build.0 = Release|Any CPU
		{61C6D89E-D398-4228-BE6C-BD0E31DCC6E0}.Debug Complete|Any CPU.ActiveCfg = Debug|Any CPU
		{61C6D89E-D398-4228-BE6C-BD0E31DCC6E0}.Debug Complete|Any CPU.Build.0 = Debug|Any CPU
		{61C6D89E-D398-4228-BE6C-BD0E31DCC6E0}.Debug|Any CPU.ActiveCfg = Debug|Any CPU
		{61C6D89E-D398-4228-BE6C-BD0E31DCC6E0}.Debug|Any CPU.Build.0 = Debug|Any CPU
		{61C6D89E-D398-4228-BE6C-BD0E31DCC6E0}.Release Complete|Any CPU.ActiveCfg = Release|Any CPU
		{61C6D89E-D398-4228-BE6C-BD0E31DCC6E0}.Release Complete|Any CPU.Build.0 = Release|Any CPU
		{61C6D89E-D398-4228-BE6C-BD0E31DCC6E0}.Release|Any CPU.ActiveCfg = Release|Any CPU
		{61C6D89E-D398-4228-BE6C-BD0E31DCC6E0}.Release|Any CPU.Build.0 = Release|Any CPU
		{631AC093-430F-45F4-BA0C-AF0F0405918A}.Debug Complete|Any CPU.ActiveCfg = Debug|Any CPU
		{631AC093-430F-45F4-BA0C-AF0F0405918A}.Debug Complete|Any CPU.Build.0 = Debug|Any CPU
		{631AC093-430F-45F4-BA0C-AF0F0405918A}.Debug|Any CPU.ActiveCfg = Debug|Any CPU
		{631AC093-430F-45F4-BA0C-AF0F0405918A}.Debug|Any CPU.Build.0 = Debug|Any CPU
		{631AC093-430F-45F4-BA0C-AF0F0405918A}.Release Complete|Any CPU.ActiveCfg = Release|Any CPU
		{631AC093-430F-45F4-BA0C-AF0F0405918A}.Release Complete|Any CPU.Build.0 = Release|Any CPU
		{631AC093-430F-45F4-BA0C-AF0F0405918A}.Release|Any CPU.ActiveCfg = Release|Any CPU
		{631AC093-430F-45F4-BA0C-AF0F0405918A}.Release|Any CPU.Build.0 = Release|Any CPU
		{6C263A8E-854F-45C6-B064-059A60FD11C0}.Debug Complete|Any CPU.ActiveCfg = Debug|Any CPU
		{6C263A8E-854F-45C6-B064-059A60FD11C0}.Debug Complete|Any CPU.Build.0 = Debug|Any CPU
		{6C263A8E-854F-45C6-B064-059A60FD11C0}.Debug|Any CPU.ActiveCfg = Debug|Any CPU
		{6C263A8E-854F-45C6-B064-059A60FD11C0}.Debug|Any CPU.Build.0 = Debug|Any CPU
		{6C263A8E-854F-45C6-B064-059A60FD11C0}.Release Complete|Any CPU.ActiveCfg = Release|Any CPU
		{6C263A8E-854F-45C6-B064-059A60FD11C0}.Release Complete|Any CPU.Build.0 = Release|Any CPU
		{6C263A8E-854F-45C6-B064-059A60FD11C0}.Release|Any CPU.ActiveCfg = Release|Any CPU
		{6C263A8E-854F-45C6-B064-059A60FD11C0}.Release|Any CPU.Build.0 = Release|Any CPU
		{73AB18DA-D85F-44A2-960F-43D1EF63F123}.Debug Complete|Any CPU.ActiveCfg = Debug|Any CPU
		{73AB18DA-D85F-44A2-960F-43D1EF63F123}.Debug Complete|Any CPU.Build.0 = Debug|Any CPU
		{73AB18DA-D85F-44A2-960F-43D1EF63F123}.Debug|Any CPU.ActiveCfg = Debug|Any CPU
		{73AB18DA-D85F-44A2-960F-43D1EF63F123}.Debug|Any CPU.Build.0 = Debug|Any CPU
		{73AB18DA-D85F-44A2-960F-43D1EF63F123}.Release Complete|Any CPU.ActiveCfg = Release|Any CPU
		{73AB18DA-D85F-44A2-960F-43D1EF63F123}.Release Complete|Any CPU.Build.0 = Release|Any CPU
		{73AB18DA-D85F-44A2-960F-43D1EF63F123}.Release|Any CPU.ActiveCfg = Release|Any CPU
		{73AB18DA-D85F-44A2-960F-43D1EF63F123}.Release|Any CPU.Build.0 = Release|Any CPU
		{809725DC-6502-4732-A51C-DEB7FEA12975}.Debug Complete|Any CPU.ActiveCfg = Debug|Any CPU
		{809725DC-6502-4732-A51C-DEB7FEA12975}.Debug Complete|Any CPU.Build.0 = Debug|Any CPU
		{809725DC-6502-4732-A51C-DEB7FEA12975}.Debug|Any CPU.ActiveCfg = Debug|Any CPU
		{809725DC-6502-4732-A51C-DEB7FEA12975}.Debug|Any CPU.Build.0 = Debug|Any CPU
		{809725DC-6502-4732-A51C-DEB7FEA12975}.Release Complete|Any CPU.ActiveCfg = Release|Any CPU
		{809725DC-6502-4732-A51C-DEB7FEA12975}.Release Complete|Any CPU.Build.0 = Release|Any CPU
		{809725DC-6502-4732-A51C-DEB7FEA12975}.Release|Any CPU.ActiveCfg = Release|Any CPU
		{809725DC-6502-4732-A51C-DEB7FEA12975}.Release|Any CPU.Build.0 = Release|Any CPU
		{80C374D9-FD54-43B8-A0BF-361123E811D3}.Debug Complete|Any CPU.ActiveCfg = Debug|Any CPU
		{80C374D9-FD54-43B8-A0BF-361123E811D3}.Debug Complete|Any CPU.Build.0 = Debug|Any CPU
		{80C374D9-FD54-43B8-A0BF-361123E811D3}.Debug|Any CPU.ActiveCfg = Debug|Any CPU
		{80C374D9-FD54-43B8-A0BF-361123E811D3}.Debug|Any CPU.Build.0 = Debug|Any CPU
		{80C374D9-FD54-43B8-A0BF-361123E811D3}.Release Complete|Any CPU.ActiveCfg = Release|Any CPU
		{80C374D9-FD54-43B8-A0BF-361123E811D3}.Release Complete|Any CPU.Build.0 = Release|Any CPU
		{80C374D9-FD54-43B8-A0BF-361123E811D3}.Release|Any CPU.ActiveCfg = Release|Any CPU
		{80C374D9-FD54-43B8-A0BF-361123E811D3}.Release|Any CPU.Build.0 = Release|Any CPU
		{8BF317F5-EC3C-4953-8EA1-76464088B5D5}.Debug Complete|Any CPU.ActiveCfg = Debug|Any CPU
		{8BF317F5-EC3C-4953-8EA1-76464088B5D5}.Debug Complete|Any CPU.Build.0 = Debug|Any CPU
		{8BF317F5-EC3C-4953-8EA1-76464088B5D5}.Debug|Any CPU.ActiveCfg = Debug|Any CPU
		{8BF317F5-EC3C-4953-8EA1-76464088B5D5}.Debug|Any CPU.Build.0 = Debug|Any CPU
		{8BF317F5-EC3C-4953-8EA1-76464088B5D5}.Release Complete|Any CPU.ActiveCfg = Release|Any CPU
		{8BF317F5-EC3C-4953-8EA1-76464088B5D5}.Release Complete|Any CPU.Build.0 = Release|Any CPU
		{8BF317F5-EC3C-4953-8EA1-76464088B5D5}.Release|Any CPU.ActiveCfg = Release|Any CPU
		{8BF317F5-EC3C-4953-8EA1-76464088B5D5}.Release|Any CPU.Build.0 = Release|Any CPU
		{9DA8E727-4038-4E6B-90BD-853730FDFA49}.Debug Complete|Any CPU.ActiveCfg = Debug|Any CPU
		{9DA8E727-4038-4E6B-90BD-853730FDFA49}.Debug Complete|Any CPU.Build.0 = Debug|Any CPU
		{9DA8E727-4038-4E6B-90BD-853730FDFA49}.Debug|Any CPU.ActiveCfg = Debug|Any CPU
		{9DA8E727-4038-4E6B-90BD-853730FDFA49}.Debug|Any CPU.Build.0 = Debug|Any CPU
		{9DA8E727-4038-4E6B-90BD-853730FDFA49}.Release Complete|Any CPU.ActiveCfg = Release|Any CPU
		{9DA8E727-4038-4E6B-90BD-853730FDFA49}.Release Complete|Any CPU.Build.0 = Release|Any CPU
		{9DA8E727-4038-4E6B-90BD-853730FDFA49}.Release|Any CPU.ActiveCfg = Release|Any CPU
		{9DA8E727-4038-4E6B-90BD-853730FDFA49}.Release|Any CPU.Build.0 = Release|Any CPU
		{AAFFDFC8-E759-489A-AE11-2B100394AB52}.Debug Complete|Any CPU.ActiveCfg = Debug|Any CPU
		{AAFFDFC8-E759-489A-AE11-2B100394AB52}.Debug Complete|Any CPU.Build.0 = Debug|Any CPU
		{AAFFDFC8-E759-489A-AE11-2B100394AB52}.Debug|Any CPU.ActiveCfg = Debug|Any CPU
		{AAFFDFC8-E759-489A-AE11-2B100394AB52}.Debug|Any CPU.Build.0 = Debug|Any CPU
		{AAFFDFC8-E759-489A-AE11-2B100394AB52}.Release Complete|Any CPU.ActiveCfg = Release|Any CPU
		{AAFFDFC8-E759-489A-AE11-2B100394AB52}.Release Complete|Any CPU.Build.0 = Release|Any CPU
		{AAFFDFC8-E759-489A-AE11-2B100394AB52}.Release|Any CPU.ActiveCfg = Release|Any CPU
		{AAFFDFC8-E759-489A-AE11-2B100394AB52}.Release|Any CPU.Build.0 = Release|Any CPU
		{AB8BFF98-3514-4F62-BEBE-35CB6855A5FE}.Debug Complete|Any CPU.ActiveCfg = Debug|Any CPU
		{AB8BFF98-3514-4F62-BEBE-35CB6855A5FE}.Debug Complete|Any CPU.Build.0 = Debug|Any CPU
		{AB8BFF98-3514-4F62-BEBE-35CB6855A5FE}.Debug|Any CPU.ActiveCfg = Debug|Any CPU
		{AB8BFF98-3514-4F62-BEBE-35CB6855A5FE}.Debug|Any CPU.Build.0 = Debug|Any CPU
		{AB8BFF98-3514-4F62-BEBE-35CB6855A5FE}.Release Complete|Any CPU.ActiveCfg = Debug|Any CPU
		{AB8BFF98-3514-4F62-BEBE-35CB6855A5FE}.Release Complete|Any CPU.Build.0 = Debug|Any CPU
		{AB8BFF98-3514-4F62-BEBE-35CB6855A5FE}.Release|Any CPU.ActiveCfg = Release|Any CPU
		{AB8BFF98-3514-4F62-BEBE-35CB6855A5FE}.Release|Any CPU.Build.0 = Release|Any CPU
		{AEDD6CFB-747B-4077-9288-9CD2A86090F1}.Debug Complete|Any CPU.ActiveCfg = Debug|Any CPU
		{AEDD6CFB-747B-4077-9288-9CD2A86090F1}.Debug Complete|Any CPU.Build.0 = Debug|Any CPU
		{AEDD6CFB-747B-4077-9288-9CD2A86090F1}.Debug|Any CPU.ActiveCfg = Debug|Any CPU
		{AEDD6CFB-747B-4077-9288-9CD2A86090F1}.Debug|Any CPU.Build.0 = Debug|Any CPU
		{AEDD6CFB-747B-4077-9288-9CD2A86090F1}.Release Complete|Any CPU.ActiveCfg = Release|Any CPU
		{AEDD6CFB-747B-4077-9288-9CD2A86090F1}.Release Complete|Any CPU.Build.0 = Release|Any CPU
		{AEDD6CFB-747B-4077-9288-9CD2A86090F1}.Release|Any CPU.ActiveCfg = Release|Any CPU
		{AEDD6CFB-747B-4077-9288-9CD2A86090F1}.Release|Any CPU.Build.0 = Release|Any CPU
		{B631038F-E12C-4D0D-8B25-FF7F62FE62D1}.Debug Complete|Any CPU.ActiveCfg = Debug|Any CPU
		{B631038F-E12C-4D0D-8B25-FF7F62FE62D1}.Debug Complete|Any CPU.Build.0 = Debug|Any CPU
		{B631038F-E12C-4D0D-8B25-FF7F62FE62D1}.Debug|Any CPU.ActiveCfg = Debug|Any CPU
		{B631038F-E12C-4D0D-8B25-FF7F62FE62D1}.Debug|Any CPU.Build.0 = Debug|Any CPU
		{B631038F-E12C-4D0D-8B25-FF7F62FE62D1}.Release Complete|Any CPU.ActiveCfg = Release|Any CPU
		{B631038F-E12C-4D0D-8B25-FF7F62FE62D1}.Release Complete|Any CPU.Build.0 = Release|Any CPU
		{B631038F-E12C-4D0D-8B25-FF7F62FE62D1}.Release|Any CPU.ActiveCfg = Release|Any CPU
		{B631038F-E12C-4D0D-8B25-FF7F62FE62D1}.Release|Any CPU.Build.0 = Release|Any CPU
		{B95C8E67-F25F-4C54-A00F-83FA015B7BFF}.Debug Complete|Any CPU.ActiveCfg = Debug|Any CPU
		{B95C8E67-F25F-4C54-A00F-83FA015B7BFF}.Debug Complete|Any CPU.Build.0 = Debug|Any CPU
		{B95C8E67-F25F-4C54-A00F-83FA015B7BFF}.Debug|Any CPU.ActiveCfg = Debug|Any CPU
		{B95C8E67-F25F-4C54-A00F-83FA015B7BFF}.Debug|Any CPU.Build.0 = Debug|Any CPU
		{B95C8E67-F25F-4C54-A00F-83FA015B7BFF}.Release Complete|Any CPU.ActiveCfg = Release|Any CPU
		{B95C8E67-F25F-4C54-A00F-83FA015B7BFF}.Release Complete|Any CPU.Build.0 = Release|Any CPU
		{B95C8E67-F25F-4C54-A00F-83FA015B7BFF}.Release|Any CPU.ActiveCfg = Release|Any CPU
		{B95C8E67-F25F-4C54-A00F-83FA015B7BFF}.Release|Any CPU.Build.0 = Release|Any CPU
		{B99CBE2E-BAAD-45D5-8A84-CAA6A2286C0B}.Debug Complete|Any CPU.ActiveCfg = Debug|Any CPU
		{B99CBE2E-BAAD-45D5-8A84-CAA6A2286C0B}.Debug Complete|Any CPU.Build.0 = Debug|Any CPU
		{B99CBE2E-BAAD-45D5-8A84-CAA6A2286C0B}.Debug|Any CPU.ActiveCfg = Debug|Any CPU
		{B99CBE2E-BAAD-45D5-8A84-CAA6A2286C0B}.Debug|Any CPU.Build.0 = Debug|Any CPU
		{B99CBE2E-BAAD-45D5-8A84-CAA6A2286C0B}.Release Complete|Any CPU.ActiveCfg = Release|Any CPU
		{B99CBE2E-BAAD-45D5-8A84-CAA6A2286C0B}.Release Complete|Any CPU.Build.0 = Release|Any CPU
		{B99CBE2E-BAAD-45D5-8A84-CAA6A2286C0B}.Release|Any CPU.ActiveCfg = Release|Any CPU
		{B99CBE2E-BAAD-45D5-8A84-CAA6A2286C0B}.Release|Any CPU.Build.0 = Release|Any CPU
		{C0FAF524-72E4-46F7-8C1B-A6B74DEC5EBE}.Debug Complete|Any CPU.ActiveCfg = Debug|Any CPU
		{C0FAF524-72E4-46F7-8C1B-A6B74DEC5EBE}.Debug Complete|Any CPU.Build.0 = Debug|Any CPU
		{C0FAF524-72E4-46F7-8C1B-A6B74DEC5EBE}.Debug|Any CPU.ActiveCfg = Debug|Any CPU
		{C0FAF524-72E4-46F7-8C1B-A6B74DEC5EBE}.Debug|Any CPU.Build.0 = Debug|Any CPU
		{C0FAF524-72E4-46F7-8C1B-A6B74DEC5EBE}.Release Complete|Any CPU.ActiveCfg = Release|Any CPU
		{C0FAF524-72E4-46F7-8C1B-A6B74DEC5EBE}.Release Complete|Any CPU.Build.0 = Release|Any CPU
		{C0FAF524-72E4-46F7-8C1B-A6B74DEC5EBE}.Release|Any CPU.ActiveCfg = Release|Any CPU
		{C0FAF524-72E4-46F7-8C1B-A6B74DEC5EBE}.Release|Any CPU.Build.0 = Release|Any CPU
		{C6A8B9AE-0749-41C7-8FF9-02C156696F45}.Debug Complete|Any CPU.ActiveCfg = Debug|Any CPU
		{C6A8B9AE-0749-41C7-8FF9-02C156696F45}.Debug Complete|Any CPU.Build.0 = Debug|Any CPU
		{C6A8B9AE-0749-41C7-8FF9-02C156696F45}.Debug|Any CPU.ActiveCfg = Debug|Any CPU
		{C6A8B9AE-0749-41C7-8FF9-02C156696F45}.Debug|Any CPU.Build.0 = Debug|Any CPU
		{C6A8B9AE-0749-41C7-8FF9-02C156696F45}.Release Complete|Any CPU.ActiveCfg = Release|Any CPU
		{C6A8B9AE-0749-41C7-8FF9-02C156696F45}.Release Complete|Any CPU.Build.0 = Release|Any CPU
		{C6A8B9AE-0749-41C7-8FF9-02C156696F45}.Release|Any CPU.ActiveCfg = Release|Any CPU
		{C6A8B9AE-0749-41C7-8FF9-02C156696F45}.Release|Any CPU.Build.0 = Release|Any CPU
		{C6E7C9C7-18B4-4289-BC75-4B60673309F2}.Debug Complete|Any CPU.ActiveCfg = Debug|Any CPU
		{C6E7C9C7-18B4-4289-BC75-4B60673309F2}.Debug Complete|Any CPU.Build.0 = Debug|Any CPU
		{C6E7C9C7-18B4-4289-BC75-4B60673309F2}.Debug|Any CPU.ActiveCfg = Debug|Any CPU
		{C6E7C9C7-18B4-4289-BC75-4B60673309F2}.Debug|Any CPU.Build.0 = Debug|Any CPU
		{C6E7C9C7-18B4-4289-BC75-4B60673309F2}.Release Complete|Any CPU.ActiveCfg = Release|Any CPU
		{C6E7C9C7-18B4-4289-BC75-4B60673309F2}.Release Complete|Any CPU.Build.0 = Release|Any CPU
		{C6E7C9C7-18B4-4289-BC75-4B60673309F2}.Release|Any CPU.ActiveCfg = Release|Any CPU
		{C6E7C9C7-18B4-4289-BC75-4B60673309F2}.Release|Any CPU.Build.0 = Release|Any CPU
		{CB9BB289-ACC9-4A05-8403-98D453F23728}.Debug Complete|Any CPU.ActiveCfg = Debug|Any CPU
		{CB9BB289-ACC9-4A05-8403-98D453F23728}.Debug Complete|Any CPU.Build.0 = Debug|Any CPU
		{CB9BB289-ACC9-4A05-8403-98D453F23728}.Debug|Any CPU.ActiveCfg = Debug|Any CPU
		{CB9BB289-ACC9-4A05-8403-98D453F23728}.Release Complete|Any CPU.ActiveCfg = Release|Any CPU
		{CB9BB289-ACC9-4A05-8403-98D453F23728}.Release Complete|Any CPU.Build.0 = Release|Any CPU
		{CB9BB289-ACC9-4A05-8403-98D453F23728}.Release|Any CPU.ActiveCfg = Release|Any CPU
		{D203C7A0-0A91-4AB9-9719-BB63453C0861}.Debug Complete|Any CPU.ActiveCfg = Debug|Any CPU
		{D203C7A0-0A91-4AB9-9719-BB63453C0861}.Debug Complete|Any CPU.Build.0 = Debug|Any CPU
		{D203C7A0-0A91-4AB9-9719-BB63453C0861}.Debug|Any CPU.ActiveCfg = Debug|Any CPU
		{D203C7A0-0A91-4AB9-9719-BB63453C0861}.Debug|Any CPU.Build.0 = Debug|Any CPU
		{D203C7A0-0A91-4AB9-9719-BB63453C0861}.Release Complete|Any CPU.ActiveCfg = Release|Any CPU
		{D203C7A0-0A91-4AB9-9719-BB63453C0861}.Release Complete|Any CPU.Build.0 = Release|Any CPU
		{D203C7A0-0A91-4AB9-9719-BB63453C0861}.Release|Any CPU.ActiveCfg = Release|Any CPU
		{D203C7A0-0A91-4AB9-9719-BB63453C0861}.Release|Any CPU.Build.0 = Release|Any CPU
		{D33D6117-01C6-413E-878E-7F7A2D4156AC}.Debug Complete|Any CPU.ActiveCfg = Debug|Any CPU
		{D33D6117-01C6-413E-878E-7F7A2D4156AC}.Debug Complete|Any CPU.Build.0 = Debug|Any CPU
		{D33D6117-01C6-413E-878E-7F7A2D4156AC}.Debug|Any CPU.ActiveCfg = Debug|Any CPU
		{D33D6117-01C6-413E-878E-7F7A2D4156AC}.Debug|Any CPU.Build.0 = Debug|Any CPU
		{D33D6117-01C6-413E-878E-7F7A2D4156AC}.Release Complete|Any CPU.ActiveCfg = Release|Any CPU
		{D33D6117-01C6-413E-878E-7F7A2D4156AC}.Release Complete|Any CPU.Build.0 = Release|Any CPU
		{D33D6117-01C6-413E-878E-7F7A2D4156AC}.Release|Any CPU.ActiveCfg = Release|Any CPU
		{D33D6117-01C6-413E-878E-7F7A2D4156AC}.Release|Any CPU.Build.0 = Release|Any CPU
		{D42A814D-E178-48D0-9125-ED20151B2E45}.Debug Complete|Any CPU.ActiveCfg = Debug|Any CPU
		{D42A814D-E178-48D0-9125-ED20151B2E45}.Debug Complete|Any CPU.Build.0 = Debug|Any CPU
		{D42A814D-E178-48D0-9125-ED20151B2E45}.Debug|Any CPU.ActiveCfg = Debug|Any CPU
		{D42A814D-E178-48D0-9125-ED20151B2E45}.Debug|Any CPU.Build.0 = Debug|Any CPU
		{D42A814D-E178-48D0-9125-ED20151B2E45}.Release Complete|Any CPU.ActiveCfg = Release|Any CPU
		{D42A814D-E178-48D0-9125-ED20151B2E45}.Release Complete|Any CPU.Build.0 = Release|Any CPU
		{D42A814D-E178-48D0-9125-ED20151B2E45}.Release|Any CPU.ActiveCfg = Release|Any CPU
		{D42A814D-E178-48D0-9125-ED20151B2E45}.Release|Any CPU.Build.0 = Release|Any CPU
		{D57AEB53-6018-4618-A8EC-1A8C2B52A66D}.Debug Complete|Any CPU.ActiveCfg = Debug|Any CPU
		{D57AEB53-6018-4618-A8EC-1A8C2B52A66D}.Debug Complete|Any CPU.Build.0 = Debug|Any CPU
		{D57AEB53-6018-4618-A8EC-1A8C2B52A66D}.Debug|Any CPU.ActiveCfg = Debug|Any CPU
		{D57AEB53-6018-4618-A8EC-1A8C2B52A66D}.Debug|Any CPU.Build.0 = Debug|Any CPU
		{D57AEB53-6018-4618-A8EC-1A8C2B52A66D}.Release Complete|Any CPU.ActiveCfg = Debug|Any CPU
		{D57AEB53-6018-4618-A8EC-1A8C2B52A66D}.Release Complete|Any CPU.Build.0 = Debug|Any CPU
		{D57AEB53-6018-4618-A8EC-1A8C2B52A66D}.Release|Any CPU.ActiveCfg = Release|Any CPU
		{D57AEB53-6018-4618-A8EC-1A8C2B52A66D}.Release|Any CPU.Build.0 = Release|Any CPU
		{D86270A6-9C34-4C9C-B58D-5D80E87D3707}.Debug Complete|Any CPU.ActiveCfg = Debug|Any CPU
		{D86270A6-9C34-4C9C-B58D-5D80E87D3707}.Debug Complete|Any CPU.Build.0 = Debug|Any CPU
		{D86270A6-9C34-4C9C-B58D-5D80E87D3707}.Debug|Any CPU.ActiveCfg = Debug|Any CPU
		{D86270A6-9C34-4C9C-B58D-5D80E87D3707}.Debug|Any CPU.Build.0 = Debug|Any CPU
		{D86270A6-9C34-4C9C-B58D-5D80E87D3707}.Release Complete|Any CPU.ActiveCfg = Release|Any CPU
		{D86270A6-9C34-4C9C-B58D-5D80E87D3707}.Release Complete|Any CPU.Build.0 = Release|Any CPU
		{D86270A6-9C34-4C9C-B58D-5D80E87D3707}.Release|Any CPU.ActiveCfg = Release|Any CPU
		{D86270A6-9C34-4C9C-B58D-5D80E87D3707}.Release|Any CPU.Build.0 = Release|Any CPU
		{E543FFCB-8A3C-47B0-B490-C9548779CAF0}.Debug Complete|Any CPU.ActiveCfg = Debug|Any CPU
		{E543FFCB-8A3C-47B0-B490-C9548779CAF0}.Debug Complete|Any CPU.Build.0 = Debug|Any CPU
		{E543FFCB-8A3C-47B0-B490-C9548779CAF0}.Debug|Any CPU.ActiveCfg = Debug|Any CPU
		{E543FFCB-8A3C-47B0-B490-C9548779CAF0}.Debug|Any CPU.Build.0 = Debug|Any CPU
		{E543FFCB-8A3C-47B0-B490-C9548779CAF0}.Release Complete|Any CPU.ActiveCfg = Release|Any CPU
		{E543FFCB-8A3C-47B0-B490-C9548779CAF0}.Release Complete|Any CPU.Build.0 = Release|Any CPU
		{E543FFCB-8A3C-47B0-B490-C9548779CAF0}.Release|Any CPU.ActiveCfg = Release|Any CPU
		{E543FFCB-8A3C-47B0-B490-C9548779CAF0}.Release|Any CPU.Build.0 = Release|Any CPU
		{ED9A594F-96D3-4374-9499-211FF7809EBE}.Debug Complete|Any CPU.ActiveCfg = Debug|Any CPU
		{ED9A594F-96D3-4374-9499-211FF7809EBE}.Debug Complete|Any CPU.Build.0 = Debug|Any CPU
		{ED9A594F-96D3-4374-9499-211FF7809EBE}.Debug|Any CPU.ActiveCfg = Debug|Any CPU
		{ED9A594F-96D3-4374-9499-211FF7809EBE}.Debug|Any CPU.Build.0 = Debug|Any CPU
		{ED9A594F-96D3-4374-9499-211FF7809EBE}.Release Complete|Any CPU.ActiveCfg = Release|Any CPU
		{ED9A594F-96D3-4374-9499-211FF7809EBE}.Release Complete|Any CPU.Build.0 = Release|Any CPU
		{ED9A594F-96D3-4374-9499-211FF7809EBE}.Release|Any CPU.ActiveCfg = Release|Any CPU
		{ED9A594F-96D3-4374-9499-211FF7809EBE}.Release|Any CPU.Build.0 = Release|Any CPU
		{F56FE364-ABAE-44B3-A939-900EB994FB9B}.Debug Complete|Any CPU.ActiveCfg = Debug|Any CPU
		{F56FE364-ABAE-44B3-A939-900EB994FB9B}.Debug Complete|Any CPU.Build.0 = Debug|Any CPU
		{F56FE364-ABAE-44B3-A939-900EB994FB9B}.Debug|Any CPU.ActiveCfg = Debug|Any CPU
		{F56FE364-ABAE-44B3-A939-900EB994FB9B}.Debug|Any CPU.Build.0 = Debug|Any CPU
		{F56FE364-ABAE-44B3-A939-900EB994FB9B}.Release Complete|Any CPU.ActiveCfg = Release|Any CPU
		{F56FE364-ABAE-44B3-A939-900EB994FB9B}.Release Complete|Any CPU.Build.0 = Release|Any CPU
		{F56FE364-ABAE-44B3-A939-900EB994FB9B}.Release|Any CPU.ActiveCfg = Release|Any CPU
		{F56FE364-ABAE-44B3-A939-900EB994FB9B}.Release|Any CPU.Build.0 = Release|Any CPU
		{F8FD00DE-94D1-45CA-AF4D-2970B1D30F89}.Debug Complete|Any CPU.ActiveCfg = Debug|Any CPU
		{F8FD00DE-94D1-45CA-AF4D-2970B1D30F89}.Debug Complete|Any CPU.Build.0 = Debug|Any CPU
		{F8FD00DE-94D1-45CA-AF4D-2970B1D30F89}.Debug|Any CPU.ActiveCfg = Debug|Any CPU
		{F8FD00DE-94D1-45CA-AF4D-2970B1D30F89}.Debug|Any CPU.Build.0 = Debug|Any CPU
		{F8FD00DE-94D1-45CA-AF4D-2970B1D30F89}.Release Complete|Any CPU.ActiveCfg = Release|Any CPU
		{F8FD00DE-94D1-45CA-AF4D-2970B1D30F89}.Release Complete|Any CPU.Build.0 = Release|Any CPU
		{F8FD00DE-94D1-45CA-AF4D-2970B1D30F89}.Release|Any CPU.ActiveCfg = Release|Any CPU
		{F8FD00DE-94D1-45CA-AF4D-2970B1D30F89}.Release|Any CPU.Build.0 = Release|Any CPU
	EndGlobalSection
	GlobalSection(NestedProjects) = preSolution
	EndGlobalSection
	GlobalSection(MonoDevelopProperties) = preSolution
		StartupItem = Core\Core.csproj
	EndGlobalSection
	GlobalSection(SolutionProperties) = preSolution
		HideSolutionNode = FALSE
	EndGlobalSection
EndGlobal
